// !$*UTF8*$!
{
	archiveVersion = 1;
	classes = {
	};
	objectVersion = 46;
	objects = {

/* Begin PBXBuildFile section */
		EA0FA67D19942B8700964306 /* AppDelegate.swift in Sources */ = {isa = PBXBuildFile; fileRef = EA0FA67C19942B8700964306 /* AppDelegate.swift */; };
		EA0FA67F19942B8700964306 /* ViewController.swift in Sources */ = {isa = PBXBuildFile; fileRef = EA0FA67E19942B8700964306 /* ViewController.swift */; };
		EA0FA68219942B8700964306 /* Main.storyboard in Resources */ = {isa = PBXBuildFile; fileRef = EA0FA68019942B8700964306 /* Main.storyboard */; };
		EA0FA68419942B8700964306 /* Images.xcassets in Resources */ = {isa = PBXBuildFile; fileRef = EA0FA68319942B8700964306 /* Images.xcassets */; };
		EA0FA69019942B8700964306 /* WhetherTests.swift in Sources */ = {isa = PBXBuildFile; fileRef = EA0FA68F19942B8700964306 /* WhetherTests.swift */; };
		EAC547E31999689D00EE4E7B /* WeatherCell.swift in Sources */ = {isa = PBXBuildFile; fileRef = EAC547E21999689D00EE4E7B /* WeatherCell.swift */; };
/* End PBXBuildFile section */

/* Begin PBXContainerItemProxy section */
		EA0FA68A19942B8700964306 /* PBXContainerItemProxy */ = {
			isa = PBXContainerItemProxy;
			containerPortal = EA0FA66F19942B8700964306 /* Project object */;
			proxyType = 1;
			remoteGlobalIDString = EA0FA67619942B8700964306;
			remoteInfo = Whether;
		};
/* End PBXContainerItemProxy section */

/* Begin PBXFileReference section */
		EA0FA67719942B8700964306 /* Whether.app */ = {isa = PBXFileReference; explicitFileType = wrapper.application; includeInIndex = 0; path = Whether.app; sourceTree = BUILT_PRODUCTS_DIR; };
		EA0FA67B19942B8700964306 /* Info.plist */ = {isa = PBXFileReference; lastKnownFileType = text.plist.xml; path = Info.plist; sourceTree = "<group>"; };
		EA0FA67C19942B8700964306 /* AppDelegate.swift */ = {isa = PBXFileReference; lastKnownFileType = sourcecode.swift; path = AppDelegate.swift; sourceTree = "<group>"; };
		EA0FA67E19942B8700964306 /* ViewController.swift */ = {isa = PBXFileReference; lastKnownFileType = sourcecode.swift; path = ViewController.swift; sourceTree = "<group>"; };
		EA0FA68119942B8700964306 /* Base */ = {isa = PBXFileReference; lastKnownFileType = file.storyboard; name = Base; path = Base.lproj/Main.storyboard; sourceTree = "<group>"; };
		EA0FA68319942B8700964306 /* Images.xcassets */ = {isa = PBXFileReference; lastKnownFileType = folder.assetcatalog; path = Images.xcassets; sourceTree = "<group>"; };
		EA0FA68919942B8700964306 /* WhetherTests.xctest */ = {isa = PBXFileReference; explicitFileType = wrapper.cfbundle; includeInIndex = 0; path = WhetherTests.xctest; sourceTree = BUILT_PRODUCTS_DIR; };
		EA0FA68E19942B8700964306 /* Info.plist */ = {isa = PBXFileReference; lastKnownFileType = text.plist.xml; path = Info.plist; sourceTree = "<group>"; };
		EA0FA68F19942B8700964306 /* WhetherTests.swift */ = {isa = PBXFileReference; lastKnownFileType = sourcecode.swift; path = WhetherTests.swift; sourceTree = "<group>"; };
		EAC547E21999689D00EE4E7B /* WeatherCell.swift */ = {isa = PBXFileReference; fileEncoding = 4; lastKnownFileType = sourcecode.swift; path = WeatherCell.swift; sourceTree = "<group>"; };
/* End PBXFileReference section */

/* Begin PBXFrameworksBuildPhase section */
		EA0FA67419942B8700964306 /* Frameworks */ = {
			isa = PBXFrameworksBuildPhase;
			buildActionMask = 2147483647;
			files = (
			);
			runOnlyForDeploymentPostprocessing = 0;
		};
		EA0FA68619942B8700964306 /* Frameworks */ = {
			isa = PBXFrameworksBuildPhase;
			buildActionMask = 2147483647;
			files = (
			);
			runOnlyForDeploymentPostprocessing = 0;
		};
/* End PBXFrameworksBuildPhase section */

/* Begin PBXGroup section */
		EA0FA66E19942B8700964306 = {
			isa = PBXGroup;
			children = (
				EA0FA67919942B8700964306 /* Whether */,
				EA0FA68C19942B8700964306 /* WhetherTests */,
				EA0FA67819942B8700964306 /* Products */,
			);
			sourceTree = "<group>";
		};
		EA0FA67819942B8700964306 /* Products */ = {
			isa = PBXGroup;
			children = (
				EA0FA67719942B8700964306 /* Whether.app */,
				EA0FA68919942B8700964306 /* WhetherTests.xctest */,
			);
			name = Products;
			sourceTree = "<group>";
		};
		EA0FA67919942B8700964306 /* Whether */ = {
			isa = PBXGroup;
			children = (
				EA0FA67C19942B8700964306 /* AppDelegate.swift */,
				EA0FA67E19942B8700964306 /* ViewController.swift */,
				EAC547E21999689D00EE4E7B /* WeatherCell.swift */,
				EA0FA68019942B8700964306 /* Main.storyboard */,
				EA0FA68319942B8700964306 /* Images.xcassets */,
				EA0FA67A19942B8700964306 /* Supporting Files */,
			);
			path = Whether;
			sourceTree = "<group>";
		};
		EA0FA67A19942B8700964306 /* Supporting Files */ = {
			isa = PBXGroup;
			children = (
				EA0FA67B19942B8700964306 /* Info.plist */,
			);
			name = "Supporting Files";
			sourceTree = "<group>";
		};
		EA0FA68C19942B8700964306 /* WhetherTests */ = {
			isa = PBXGroup;
			children = (
				EA0FA68F19942B8700964306 /* WhetherTests.swift */,
				EA0FA68D19942B8700964306 /* Supporting Files */,
			);
			path = WhetherTests;
			sourceTree = "<group>";
		};
		EA0FA68D19942B8700964306 /* Supporting Files */ = {
			isa = PBXGroup;
			children = (
				EA0FA68E19942B8700964306 /* Info.plist */,
			);
			name = "Supporting Files";
			sourceTree = "<group>";
		};
/* End PBXGroup section */

/* Begin PBXNativeTarget section */
		EA0FA67619942B8700964306 /* Whether */ = {
			isa = PBXNativeTarget;
			buildConfigurationList = EA0FA69319942B8700964306 /* Build configuration list for PBXNativeTarget "Whether" */;
			buildPhases = (
				EA0FA67319942B8700964306 /* Sources */,
				EA0FA67419942B8700964306 /* Frameworks */,
				EA0FA67519942B8700964306 /* Resources */,
			);
			buildRules = (
			);
			dependencies = (
			);
			name = Whether;
			productName = Whether;
			productReference = EA0FA67719942B8700964306 /* Whether.app */;
			productType = "com.apple.product-type.application";
		};
		EA0FA68819942B8700964306 /* WhetherTests */ = {
			isa = PBXNativeTarget;
			buildConfigurationList = EA0FA69619942B8700964306 /* Build configuration list for PBXNativeTarget "WhetherTests" */;
			buildPhases = (
				EA0FA68519942B8700964306 /* Sources */,
				EA0FA68619942B8700964306 /* Frameworks */,
				EA0FA68719942B8700964306 /* Resources */,
			);
			buildRules = (
			);
			dependencies = (
				EA0FA68B19942B8700964306 /* PBXTargetDependency */,
			);
			name = WhetherTests;
			productName = WhetherTests;
			productReference = EA0FA68919942B8700964306 /* WhetherTests.xctest */;
			productType = "com.apple.product-type.bundle.unit-test";
		};
/* End PBXNativeTarget section */

/* Begin PBXProject section */
		EA0FA66F19942B8700964306 /* Project object */ = {
			isa = PBXProject;
			attributes = {
				LastUpgradeCheck = 0600;
				ORGANIZATIONNAME = "Tack Mobile";
				TargetAttributes = {
					EA0FA67619942B8700964306 = {
						CreatedOnToolsVersion = 6.0;
					};
					EA0FA68819942B8700964306 = {
						CreatedOnToolsVersion = 6.0;
						TestTargetID = EA0FA67619942B8700964306;
					};
				};
			};
			buildConfigurationList = EA0FA67219942B8700964306 /* Build configuration list for PBXProject "Whether" */;
			compatibilityVersion = "Xcode 3.2";
			developmentRegion = English;
			hasScannedForEncodings = 0;
			knownRegions = (
				en,
				Base,
			);
			mainGroup = EA0FA66E19942B8700964306;
			productRefGroup = EA0FA67819942B8700964306 /* Products */;
			projectDirPath = "";
			projectRoot = "";
			targets = (
				EA0FA67619942B8700964306 /* Whether */,
				EA0FA68819942B8700964306 /* WhetherTests */,
			);
		};
/* End PBXProject section */

/* Begin PBXResourcesBuildPhase section */
		EA0FA67519942B8700964306 /* Resources */ = {
			isa = PBXResourcesBuildPhase;
			buildActionMask = 2147483647;
			files = (
				EA0FA68219942B8700964306 /* Main.storyboard in Resources */,
				EA0FA68419942B8700964306 /* Images.xcassets in Resources */,
			);
			runOnlyForDeploymentPostprocessing = 0;
		};
		EA0FA68719942B8700964306 /* Resources */ = {
			isa = PBXResourcesBuildPhase;
			buildActionMask = 2147483647;
			files = (
			);
			runOnlyForDeploymentPostprocessing = 0;
		};
/* End PBXResourcesBuildPhase section */

/* Begin PBXSourcesBuildPhase section */
		EA0FA67319942B8700964306 /* Sources */ = {
			isa = PBXSourcesBuildPhase;
			buildActionMask = 2147483647;
			files = (
				EAC547E31999689D00EE4E7B /* WeatherCell.swift in Sources */,
				EA0FA67F19942B8700964306 /* ViewController.swift in Sources */,
				EA0FA67D19942B8700964306 /* AppDelegate.swift in Sources */,
			);
			runOnlyForDeploymentPostprocessing = 0;
		};
		EA0FA68519942B8700964306 /* Sources */ = {
			isa = PBXSourcesBuildPhase;
			buildActionMask = 2147483647;
			files = (
				EA0FA69019942B8700964306 /* WhetherTests.swift in Sources */,
			);
			runOnlyForDeploymentPostprocessing = 0;
		};
/* End PBXSourcesBuildPhase section */

/* Begin PBXTargetDependency section */
		EA0FA68B19942B8700964306 /* PBXTargetDependency */ = {
			isa = PBXTargetDependency;
			target = EA0FA67619942B8700964306 /* Whether */;
			targetProxy = EA0FA68A19942B8700964306 /* PBXContainerItemProxy */;
		};
/* End PBXTargetDependency section */

/* Begin PBXVariantGroup section */
		EA0FA68019942B8700964306 /* Main.storyboard */ = {
			isa = PBXVariantGroup;
			children = (
				EA0FA68119942B8700964306 /* Base */,
			);
			name = Main.storyboard;
			sourceTree = "<group>";
		};
/* End PBXVariantGroup section */

/* Begin XCBuildConfiguration section */
		EA0FA69119942B8700964306 /* Debug */ = {
			isa = XCBuildConfiguration;
			buildSettings = {
				ALWAYS_SEARCH_USER_PATHS = NO;
				CLANG_CXX_LANGUAGE_STANDARD = "gnu++0x";
				CLANG_CXX_LIBRARY = "libc++";
				CLANG_ENABLE_MODULES = YES;
				CLANG_ENABLE_OBJC_ARC = YES;
				CLANG_WARN_BOOL_CONVERSION = YES;
				CLANG_WARN_CONSTANT_CONVERSION = YES;
				CLANG_WARN_DIRECT_OBJC_ISA_USAGE = YES_ERROR;
				CLANG_WARN_EMPTY_BODY = YES;
				CLANG_WARN_ENUM_CONVERSION = YES;
				CLANG_WARN_INT_CONVERSION = YES;
				CLANG_WARN_OBJC_ROOT_CLASS = YES_ERROR;
				CLANG_WARN_UNREACHABLE_CODE = YES;
				CLANG_WARN__DUPLICATE_METHOD_MATCH = YES;
				"CODE_SIGN_IDENTITY[sdk=iphoneos*]" = "iPhone Developer";
				COPY_PHASE_STRIP = NO;
				ENABLE_STRICT_OBJC_MSGSEND = YES;
				GCC_C_LANGUAGE_STANDARD = gnu99;
				GCC_DYNAMIC_NO_PIC = NO;
				GCC_OPTIMIZATION_LEVEL = 0;
				GCC_PREPROCESSOR_DEFINITIONS = (
					"DEBUG=1",
					"$(inherited)",
				);
				GCC_SYMBOLS_PRIVATE_EXTERN = NO;
				GCC_WARN_64_TO_32_BIT_CONVERSION = YES;
				GCC_WARN_ABOUT_RETURN_TYPE = YES_ERROR;
				GCC_WARN_UNDECLARED_SELECTOR = YES;
				GCC_WARN_UNINITIALIZED_AUTOS = YES_AGGRESSIVE;
				GCC_WARN_UNUSED_FUNCTION = YES;
				GCC_WARN_UNUSED_VARIABLE = YES;
				IPHONEOS_DEPLOYMENT_TARGET = 8.0;
				MTL_ENABLE_DEBUG_INFO = YES;
				ONLY_ACTIVE_ARCH = YES;
				SDKROOT = iphoneos;
				SWIFT_OPTIMIZATION_LEVEL = "-Onone";
				TARGETED_DEVICE_FAMILY = "1,2";
			};
			name = Debug;
		};
		EA0FA69219942B8700964306 /* Release */ = {
			isa = XCBuildConfiguration;
			buildSettings = {
				ALWAYS_SEARCH_USER_PATHS = NO;
				CLANG_CXX_LANGUAGE_STANDARD = "gnu++0x";
				CLANG_CXX_LIBRARY = "libc++";
				CLANG_ENABLE_MODULES = YES;
				CLANG_ENABLE_OBJC_ARC = YES;
				CLANG_WARN_BOOL_CONVERSION = YES;
				CLANG_WARN_CONSTANT_CONVERSION = YES;
				CLANG_WARN_DIRECT_OBJC_ISA_USAGE = YES_ERROR;
				CLANG_WARN_EMPTY_BODY = YES;
				CLANG_WARN_ENUM_CONVERSION = YES;
				CLANG_WARN_INT_CONVERSION = YES;
				CLANG_WARN_OBJC_ROOT_CLASS = YES_ERROR;
				CLANG_WARN_UNREACHABLE_CODE = YES;
				CLANG_WARN__DUPLICATE_METHOD_MATCH = YES;
				"CODE_SIGN_IDENTITY[sdk=iphoneos*]" = "iPhone Developer";
				COPY_PHASE_STRIP = YES;
				ENABLE_NS_ASSERTIONS = NO;
				ENABLE_STRICT_OBJC_MSGSEND = YES;
				GCC_C_LANGUAGE_STANDARD = gnu99;
				GCC_WARN_64_TO_32_BIT_CONVERSION = YES;
				GCC_WARN_ABOUT_RETURN_TYPE = YES_ERROR;
				GCC_WARN_UNDECLARED_SELECTOR = YES;
				GCC_WARN_UNINITIALIZED_AUTOS = YES_AGGRESSIVE;
				GCC_WARN_UNUSED_FUNCTION = YES;
				GCC_WARN_UNUSED_VARIABLE = YES;
				IPHONEOS_DEPLOYMENT_TARGET = 8.0;
				MTL_ENABLE_DEBUG_INFO = NO;
				SDKROOT = iphoneos;
				TARGETED_DEVICE_FAMILY = "1,2";
				VALIDATE_PRODUCT = YES;
			};
			name = Release;
		};
		EA0FA69419942B8700964306 /* Debug */ = {
			isa = XCBuildConfiguration;
			buildSettings = {
				ASSETCATALOG_COMPILER_APPICON_NAME = AppIcon;
				ASSETCATALOG_COMPILER_LAUNCHIMAGE_NAME = LaunchImage;
				INFOPLIST_FILE = Whether/Info.plist;
				LD_RUNPATH_SEARCH_PATHS = "$(inherited) @executable_path/Frameworks";
				PRODUCT_NAME = "$(TARGET_NAME)";
			};
			name = Debug;
		};
		EA0FA69519942B8700964306 /* Release */ = {
			isa = XCBuildConfiguration;
			buildSettings = {
				ASSETCATALOG_COMPILER_APPICON_NAME = AppIcon;
				ASSETCATALOG_COMPILER_LAUNCHIMAGE_NAME = LaunchImage;
				INFOPLIST_FILE = Whether/Info.plist;
				LD_RUNPATH_SEARCH_PATHS = "$(inherited) @executable_path/Frameworks";
				PRODUCT_NAME = "$(TARGET_NAME)";
			};
			name = Release;
		};
		EA0FA69719942B8700964306 /* Debug */ = {
			isa = XCBuildConfiguration;
			buildSettings = {
				BUNDLE_LOADER = "$(TEST_HOST)";
				FRAMEWORK_SEARCH_PATHS = (
					"$(SDKROOT)/Developer/Library/Frameworks",
					"$(inherited)",
				);
				GCC_PREPROCESSOR_DEFINITIONS = (
					"DEBUG=1",
					"$(inherited)",
				);
				INFOPLIST_FILE = WhetherTests/Info.plist;
				LD_RUNPATH_SEARCH_PATHS = "$(inherited) @executable_path/Frameworks @loader_path/Frameworks";
				PRODUCT_NAME = "$(TARGET_NAME)";
				TEST_HOST = "$(BUILT_PRODUCTS_DIR)/Whether.app/Whether";
			};
			name = Debug;
		};
		EA0FA69819942B8700964306 /* Release */ = {
			isa = XCBuildConfiguration;
			buildSettings = {
				BUNDLE_LOADER = "$(TEST_HOST)";
				FRAMEWORK_SEARCH_PATHS = (
					"$(SDKROOT)/Developer/Library/Frameworks",
					"$(inherited)",
				);
				INFOPLIST_FILE = WhetherTests/Info.plist;
				LD_RUNPATH_SEARCH_PATHS = "$(inherited) @executable_path/Frameworks @loader_path/Frameworks";
				PRODUCT_NAME = "$(TARGET_NAME)";
				TEST_HOST = "$(BUILT_PRODUCTS_DIR)/Whether.app/Whether";
			};
			name = Release;
		};
/* End XCBuildConfiguration section */

/* Begin XCConfigurationList section */
		EA0FA67219942B8700964306 /* Build configuration list for PBXProject "Whether" */ = {
			isa = XCConfigurationList;
			buildConfigurations = (
				EA0FA69119942B8700964306 /* Debug */,
				EA0FA69219942B8700964306 /* Release */,
			);
			defaultConfigurationIsVisible = 0;
			defaultConfigurationName = Release;
		};
		EA0FA69319942B8700964306 /* Build configuration list for PBXNativeTarget "Whether" */ = {
			isa = XCConfigurationList;
			buildConfigurations = (
				EA0FA69419942B8700964306 /* Debug */,
				EA0FA69519942B8700964306 /* Release */,
			);
			defaultConfigurationIsVisible = 0;
			defaultConfigurationName = Release;
		};
		EA0FA69619942B8700964306 /* Build configuration list for PBXNativeTarget "WhetherTests" */ = {
			isa = XCConfigurationList;
			buildConfigurations = (
				EA0FA69719942B8700964306 /* Debug */,
				EA0FA69819942B8700964306 /* Release */,
			);
			defaultConfigurationIsVisible = 0;
			defaultConfigurationName = Release;
		};
/* End XCConfigurationList section */
	};
	rootObject = EA0FA66F19942B8700964306 /* Project object */;
}
